
Microsoft Visual Studio Solution File, Format Version 12.00
# Visual Studio Version 16
VisualStudioVersion = 16.0.29324.140
MinimumVisualStudioVersion = 10.0.40219.1
Project("{FAE04EC0-301F-11D3-BF4B-00C04F79EFBC}") = "ExquisiteCorpse", "ExquisiteCorpse\ExquisiteCorpse.csproj", "{F819116A-7566-49C2-939E-314C49338CBE}"
EndProject
Global
	GlobalSection(SolutionConfigurationPlatforms) = preSolution
		Debug|Any CPU = Debug|Any CPU
		Release|Any CPU = Release|Any CPU
	EndGlobalSection
	GlobalSection(ProjectConfigurationPlatforms) = postSolution
		{F819116A-7566-49C2-939E-314C49338CBE}.Debug|Any CPU.ActiveCfg = Debug|Any CPU
		{F819116A-7566-49C2-939E-314C49338CBE}.Debug|Any CPU.Build.0 = Debug|Any CPU
		{F819116A-7566-49C2-939E-314C49338CBE}.Release|Any CPU.ActiveCfg = Release|Any CPU
		{F819116A-7566-49C2-939E-314C49338CBE}.Release|Any CPU.Build.0 = Release|Any CPU
	EndGlobalSection
	GlobalSection(SolutionProperties) = preSolution
		HideSolutionNode = FALSE
	EndGlobalSection
	GlobalSection(ExtensibilityGlobals) = postSolution
		SolutionGuid = {0201617A-3097-4FE6-AC20-E8A632D7C2E4}
	EndGlobalSection
EndGlobal
